
Microsoft Visual Studio Solution File, Format Version 12.00
# Visual Studio Version 16
VisualStudioVersion = 16.0.30320.27
MinimumVisualStudioVersion = 10.0.40219.1
Project("{9A19103F-16F7-4668-BE54-9A1E7A4F7556}") = "Nca.ServiceBus", "Nca.ServiceBus\Nca.ServiceBus.csproj", "{BDD7D2DE-07D7-4B40-8EBC-78C353DBDB98}"
EndProject
Project("{2150E333-8FDC-42A3-9474-1A3956D46DE8}") = "Tests", "Tests", "{78AF4E52-3994-487E-93EB-1EC37119E8DC}"
EndProject
Project("{9A19103F-16F7-4668-BE54-9A1E7A4F7556}") = "Nca.ServiceBus.InMemory", "Nca.ServiceBus.InMemory\Nca.ServiceBus.InMemory.csproj", "{66A7A7AF-7568-4F8C-AEFB-01761BF12AD2}"
EndProject
Project("{9A19103F-16F7-4668-BE54-9A1E7A4F7556}") = "Nca.ServiceBus.RabbitMQ", "Nca.ServiceBus.RabbitMQ\Nca.ServiceBus.RabbitMQ.csproj", "{33060882-7832-4DA9-B3C4-BD7D9525588C}"
EndProject
Project("{2150E333-8FDC-42A3-9474-1A3956D46DE8}") = "TestMigration", "TestMigration", "{B4739871-91CD-4608-807B-9E8DFC819E2F}"
EndProject
Project("{9A19103F-16F7-4668-BE54-9A1E7A4F7556}") = "TestMigrationTool", "TestMigrationTool\TestMigrationTool.csproj", "{D0466695-3845-432D-B359-E2CDF187E6C8}"
EndProject
Project("{2150E333-8FDC-42A3-9474-1A3956D46DE8}") = "Az", "Az", "{B6433E45-E45F-41B9-95D7-C53C7A0B7C9F}"
EndProject
Project("{9A19103F-16F7-4668-BE54-9A1E7A4F7556}") = "Azlogin", "Azlogin\Azlogin.csproj", "{8CB3D470-73CB-4315-AED0-152CFD1BA31E}"
EndProject
Project("{2150E333-8FDC-42A3-9474-1A3956D46DE8}") = "TimeSeries", "TimeSeries", "{3059E0B3-95FC-4480-AEB1-FB6A3DCEA435}"
EndProject
Project("{FAE04EC0-301F-11D3-BF4B-00C04F79EFBC}") = "DataPlaneClient", "TimeSeriesGen2\DataPlaneClient\DataPlaneClient.csproj", "{FC0A4165-E69E-4D9A-9C3F-D8062010D697}"
EndProject
Project("{FAE04EC0-301F-11D3-BF4B-00C04F79EFBC}") = "DataPlaneClientSampleApp", "TimeSeriesGen2\DataPlaneClientSampleApp\DataPlaneClientSampleApp.csproj", "{F24742E1-1A2E-4047-82F3-B6F37A04E231}"
EndProject
Project("{2150E333-8FDC-42A3-9474-1A3956D46DE8}") = "RightManagement", "RightManagement", "{7E259710-1B6F-4394-AB5E-671E3E194F68}"
EndProject
Project("{9A19103F-16F7-4668-BE54-9A1E7A4F7556}") = "RighManagement.Abtraction", "RighManagement.Abtraction\RighManagement.Abtraction.csproj", "{821F0698-ABD9-4927-8943-E32E6A961386}"
EndProject
Project("{9A19103F-16F7-4668-BE54-9A1E7A4F7556}") = "RightManagement.Client", "RightManagement.Client\RightManagement.Client.csproj", "{D1F9A3EE-7DC0-424F-AA4B-E3A9AD4F09D1}"
EndProject
Project("{9A19103F-16F7-4668-BE54-9A1E7A4F7556}") = "RightManagement.Test", "RightManagement.Test\RightManagement.Test.csproj", "{8CB6227A-B415-455F-B45D-C672344241C6}"
EndProject
Project("{2150E333-8FDC-42A3-9474-1A3956D46DE8}") = "ServiceBus", "ServiceBus", "{6B442EEE-E21C-4C9B-B2F1-9C55CC6A1002}"
EndProject
Project("{2150E333-8FDC-42A3-9474-1A3956D46DE8}") = "Multilingual", "Multilingual", "{9BF74EED-3606-449F-9538-993C2D2A957B}"
EndProject
Project("{2150E333-8FDC-42A3-9474-1A3956D46DE8}") = "Domains", "Domains", "{C75B42AF-5E69-4772-BF2F-775C0369E0AE}"
EndProject
Project("{2150E333-8FDC-42A3-9474-1A3956D46DE8}") = "Repositories", "Repositories", "{4C59BE5D-E259-4786-AC0A-359D5BC4BFE8}"
EndProject
Project("{9A19103F-16F7-4668-BE54-9A1E7A4F7556}") = "Multilingual.Abtraction", "Multilingual.Abtraction\Multilingual.Abtraction.csproj", "{68C3315A-6441-4E2D-98C7-CED7547D7088}"
EndProject
Project("{9A19103F-16F7-4668-BE54-9A1E7A4F7556}") = "Multilingual.Repositories", "Multilingual.Repositories\Multilingual.Repositories.csproj", "{B0958053-F437-4261-B219-91DAD625DA3C}"
EndProject
Project("{2150E333-8FDC-42A3-9474-1A3956D46DE8}") = "Migration", "Migration", "{3FAB5C65-4EB7-4E42-937F-CCAB26BCACED}"
EndProject
Project("{9A19103F-16F7-4668-BE54-9A1E7A4F7556}") = "Multilingual.MigrationTool", "Multilingual.MigrationTool\Multilingual.MigrationTool.csproj", "{F932D0AD-1C59-4AA9-96B4-92107D9F1CEE}"
EndProject
Project("{2150E333-8FDC-42A3-9474-1A3956D46DE8}") = "Test", "Test", "{C6B72C48-F545-4296-8AF3-6BCA258C70CF}"
EndProject
Project("{9A19103F-16F7-4668-BE54-9A1E7A4F7556}") = "Multilingual.Test", "Multilingual.Test\Multilingual.Test.csproj", "{8D31A8D5-C5C5-4EAE-81DD-964CEF16C449}"
EndProject
Project("{2150E333-8FDC-42A3-9474-1A3956D46DE8}") = "ApplicationServices", "ApplicationServices", "{3A287703-E05D-40E2-8EAF-8558E76F8E16}"
EndProject
Project("{9A19103F-16F7-4668-BE54-9A1E7A4F7556}") = "Multilinguage.ApplicationServices", "Multilinguage.ApplicationServices\Multilinguage.ApplicationServices.csproj", "{DEB80647-03C4-4D18-BE45-A60A24189975}"
EndProject
Project("{9A19103F-16F7-4668-BE54-9A1E7A4F7556}") = "Multilingual.MockDb", "Multilingual.MockDb\Multilingual.MockDb.csproj", "{AC798337-3FD0-42DB-9802-CF87218F582C}"
EndProject
Project("{9A19103F-16F7-4668-BE54-9A1E7A4F7556}") = "Multilingual.MigrationMock", "Multilingual.MigrationMock\Multilingual.MigrationMock.csproj", "{4636A430-3E69-4881-AC03-951785EE02FC}"
EndProject
Project("{2150E333-8FDC-42A3-9474-1A3956D46DE8}") = "MultiTenants", "MultiTenants", "{59195F40-7B1E-4053-9EA0-B6C2284A29F9}"
EndProject
Project("{9A19103F-16F7-4668-BE54-9A1E7A4F7556}") = "MultiTenants.Abtraction", "MultiTenants.Abtraction\MultiTenants.Abtraction.csproj", "{89DFFEE8-2EAD-42DC-A330-72642F30F825}"
EndProject
Project("{9A19103F-16F7-4668-BE54-9A1E7A4F7556}") = "MultiTenants.Core", "MultiTenants.Core\MultiTenants.Core.csproj", "{6AEE42AA-639E-4389-BDAB-10F5B9B1069F}"
EndProject
Global
	GlobalSection(SolutionConfigurationPlatforms) = preSolution
		Debug|Any CPU = Debug|Any CPU
		Release|Any CPU = Release|Any CPU
	EndGlobalSection
	GlobalSection(ProjectConfigurationPlatforms) = postSolution
		{BDD7D2DE-07D7-4B40-8EBC-78C353DBDB98}.Debug|Any CPU.ActiveCfg = Debug|Any CPU
		{BDD7D2DE-07D7-4B40-8EBC-78C353DBDB98}.Debug|Any CPU.Build.0 = Debug|Any CPU
		{BDD7D2DE-07D7-4B40-8EBC-78C353DBDB98}.Release|Any CPU.ActiveCfg = Release|Any CPU
		{BDD7D2DE-07D7-4B40-8EBC-78C353DBDB98}.Release|Any CPU.Build.0 = Release|Any CPU
		{66A7A7AF-7568-4F8C-AEFB-01761BF12AD2}.Debug|Any CPU.ActiveCfg = Debug|Any CPU
		{66A7A7AF-7568-4F8C-AEFB-01761BF12AD2}.Debug|Any CPU.Build.0 = Debug|Any CPU
		{66A7A7AF-7568-4F8C-AEFB-01761BF12AD2}.Release|Any CPU.ActiveCfg = Release|Any CPU
		{66A7A7AF-7568-4F8C-AEFB-01761BF12AD2}.Release|Any CPU.Build.0 = Release|Any CPU
		{33060882-7832-4DA9-B3C4-BD7D9525588C}.Debug|Any CPU.ActiveCfg = Debug|Any CPU
		{33060882-7832-4DA9-B3C4-BD7D9525588C}.Debug|Any CPU.Build.0 = Debug|Any CPU
		{33060882-7832-4DA9-B3C4-BD7D9525588C}.Release|Any CPU.ActiveCfg = Release|Any CPU
		{33060882-7832-4DA9-B3C4-BD7D9525588C}.Release|Any CPU.Build.0 = Release|Any CPU
		{D0466695-3845-432D-B359-E2CDF187E6C8}.Debug|Any CPU.ActiveCfg = Debug|Any CPU
		{D0466695-3845-432D-B359-E2CDF187E6C8}.Debug|Any CPU.Build.0 = Debug|Any CPU
		{D0466695-3845-432D-B359-E2CDF187E6C8}.Release|Any CPU.ActiveCfg = Release|Any CPU
		{D0466695-3845-432D-B359-E2CDF187E6C8}.Release|Any CPU.Build.0 = Release|Any CPU
		{8CB3D470-73CB-4315-AED0-152CFD1BA31E}.Debug|Any CPU.ActiveCfg = Debug|Any CPU
		{8CB3D470-73CB-4315-AED0-152CFD1BA31E}.Debug|Any CPU.Build.0 = Debug|Any CPU
		{8CB3D470-73CB-4315-AED0-152CFD1BA31E}.Release|Any CPU.ActiveCfg = Release|Any CPU
		{8CB3D470-73CB-4315-AED0-152CFD1BA31E}.Release|Any CPU.Build.0 = Release|Any CPU
		{FC0A4165-E69E-4D9A-9C3F-D8062010D697}.Debug|Any CPU.ActiveCfg = Debug|Any CPU
		{FC0A4165-E69E-4D9A-9C3F-D8062010D697}.Debug|Any CPU.Build.0 = Debug|Any CPU
		{FC0A4165-E69E-4D9A-9C3F-D8062010D697}.Release|Any CPU.ActiveCfg = Release|Any CPU
		{FC0A4165-E69E-4D9A-9C3F-D8062010D697}.Release|Any CPU.Build.0 = Release|Any CPU
		{F24742E1-1A2E-4047-82F3-B6F37A04E231}.Debug|Any CPU.ActiveCfg = Debug|Any CPU
		{F24742E1-1A2E-4047-82F3-B6F37A04E231}.Debug|Any CPU.Build.0 = Debug|Any CPU
		{F24742E1-1A2E-4047-82F3-B6F37A04E231}.Release|Any CPU.ActiveCfg = Release|Any CPU
		{F24742E1-1A2E-4047-82F3-B6F37A04E231}.Release|Any CPU.Build.0 = Release|Any CPU
		{821F0698-ABD9-4927-8943-E32E6A961386}.Debug|Any CPU.ActiveCfg = Debug|Any CPU
		{821F0698-ABD9-4927-8943-E32E6A961386}.Debug|Any CPU.Build.0 = Debug|Any CPU
		{821F0698-ABD9-4927-8943-E32E6A961386}.Release|Any CPU.ActiveCfg = Release|Any CPU
		{821F0698-ABD9-4927-8943-E32E6A961386}.Release|Any CPU.Build.0 = Release|Any CPU
		{D1F9A3EE-7DC0-424F-AA4B-E3A9AD4F09D1}.Debug|Any CPU.ActiveCfg = Debug|Any CPU
		{D1F9A3EE-7DC0-424F-AA4B-E3A9AD4F09D1}.Debug|Any CPU.Build.0 = Debug|Any CPU
		{D1F9A3EE-7DC0-424F-AA4B-E3A9AD4F09D1}.Release|Any CPU.ActiveCfg = Release|Any CPU
		{D1F9A3EE-7DC0-424F-AA4B-E3A9AD4F09D1}.Release|Any CPU.Build.0 = Release|Any CPU
		{8CB6227A-B415-455F-B45D-C672344241C6}.Debug|Any CPU.ActiveCfg = Debug|Any CPU
		{8CB6227A-B415-455F-B45D-C672344241C6}.Debug|Any CPU.Build.0 = Debug|Any CPU
		{8CB6227A-B415-455F-B45D-C672344241C6}.Release|Any CPU.ActiveCfg = Release|Any CPU
		{8CB6227A-B415-455F-B45D-C672344241C6}.Release|Any CPU.Build.0 = Release|Any CPU
		{68C3315A-6441-4E2D-98C7-CED7547D7088}.Debug|Any CPU.ActiveCfg = Debug|Any CPU
		{68C3315A-6441-4E2D-98C7-CED7547D7088}.Debug|Any CPU.Build.0 = Debug|Any CPU
		{68C3315A-6441-4E2D-98C7-CED7547D7088}.Release|Any CPU.ActiveCfg = Release|Any CPU
		{68C3315A-6441-4E2D-98C7-CED7547D7088}.Release|Any CPU.Build.0 = Release|Any CPU
		{B0958053-F437-4261-B219-91DAD625DA3C}.Debug|Any CPU.ActiveCfg = Debug|Any CPU
		{B0958053-F437-4261-B219-91DAD625DA3C}.Debug|Any CPU.Build.0 = Debug|Any CPU
		{B0958053-F437-4261-B219-91DAD625DA3C}.Release|Any CPU.ActiveCfg = Release|Any CPU
		{B0958053-F437-4261-B219-91DAD625DA3C}.Release|Any CPU.Build.0 = Release|Any CPU
		{F932D0AD-1C59-4AA9-96B4-92107D9F1CEE}.Debug|Any CPU.ActiveCfg = Debug|Any CPU
		{F932D0AD-1C59-4AA9-96B4-92107D9F1CEE}.Debug|Any CPU.Build.0 = Debug|Any CPU
		{F932D0AD-1C59-4AA9-96B4-92107D9F1CEE}.Release|Any CPU.ActiveCfg = Release|Any CPU
		{F932D0AD-1C59-4AA9-96B4-92107D9F1CEE}.Release|Any CPU.Build.0 = Release|Any CPU
		{8D31A8D5-C5C5-4EAE-81DD-964CEF16C449}.Debug|Any CPU.ActiveCfg = Debug|Any CPU
		{8D31A8D5-C5C5-4EAE-81DD-964CEF16C449}.Debug|Any CPU.Build.0 = Debug|Any CPU
		{8D31A8D5-C5C5-4EAE-81DD-964CEF16C449}.Release|Any CPU.ActiveCfg = Release|Any CPU
		{8D31A8D5-C5C5-4EAE-81DD-964CEF16C449}.Release|Any CPU.Build.0 = Release|Any CPU
		{DEB80647-03C4-4D18-BE45-A60A24189975}.Debug|Any CPU.ActiveCfg = Debug|Any CPU
		{DEB80647-03C4-4D18-BE45-A60A24189975}.Debug|Any CPU.Build.0 = Debug|Any CPU
		{DEB80647-03C4-4D18-BE45-A60A24189975}.Release|Any CPU.ActiveCfg = Release|Any CPU
		{DEB80647-03C4-4D18-BE45-A60A24189975}.Release|Any CPU.Build.0 = Release|Any CPU
		{AC798337-3FD0-42DB-9802-CF87218F582C}.Debug|Any CPU.ActiveCfg = Debug|Any CPU
		{AC798337-3FD0-42DB-9802-CF87218F582C}.Debug|Any CPU.Build.0 = Debug|Any CPU
		{AC798337-3FD0-42DB-9802-CF87218F582C}.Release|Any CPU.ActiveCfg = Release|Any CPU
		{AC798337-3FD0-42DB-9802-CF87218F582C}.Release|Any CPU.Build.0 = Release|Any CPU
		{4636A430-3E69-4881-AC03-951785EE02FC}.Debug|Any CPU.ActiveCfg = Debug|Any CPU
		{4636A430-3E69-4881-AC03-951785EE02FC}.Debug|Any CPU.Build.0 = Debug|Any CPU
		{4636A430-3E69-4881-AC03-951785EE02FC}.Release|Any CPU.ActiveCfg = Release|Any CPU
		{4636A430-3E69-4881-AC03-951785EE02FC}.Release|Any CPU.Build.0 = Release|Any CPU
		{89DFFEE8-2EAD-42DC-A330-72642F30F825}.Debug|Any CPU.ActiveCfg = Debug|Any CPU
		{89DFFEE8-2EAD-42DC-A330-72642F30F825}.Debug|Any CPU.Build.0 = Debug|Any CPU
		{89DFFEE8-2EAD-42DC-A330-72642F30F825}.Release|Any CPU.ActiveCfg = Release|Any CPU
		{89DFFEE8-2EAD-42DC-A330-72642F30F825}.Release|Any CPU.Build.0 = Release|Any CPU
		{6AEE42AA-639E-4389-BDAB-10F5B9B1069F}.Debug|Any CPU.ActiveCfg = Debug|Any CPU
		{6AEE42AA-639E-4389-BDAB-10F5B9B1069F}.Debug|Any CPU.Build.0 = Debug|Any CPU
		{6AEE42AA-639E-4389-BDAB-10F5B9B1069F}.Release|Any CPU.ActiveCfg = Release|Any CPU
		{6AEE42AA-639E-4389-BDAB-10F5B9B1069F}.Release|Any CPU.Build.0 = Release|Any CPU
	EndGlobalSection
	GlobalSection(SolutionProperties) = preSolution
		HideSolutionNode = FALSE
	EndGlobalSection
	GlobalSection(NestedProjects) = preSolution
		{BDD7D2DE-07D7-4B40-8EBC-78C353DBDB98} = {6B442EEE-E21C-4C9B-B2F1-9C55CC6A1002}
		{66A7A7AF-7568-4F8C-AEFB-01761BF12AD2} = {6B442EEE-E21C-4C9B-B2F1-9C55CC6A1002}
		{33060882-7832-4DA9-B3C4-BD7D9525588C} = {6B442EEE-E21C-4C9B-B2F1-9C55CC6A1002}
		{D0466695-3845-432D-B359-E2CDF187E6C8} = {B4739871-91CD-4608-807B-9E8DFC819E2F}
		{8CB3D470-73CB-4315-AED0-152CFD1BA31E} = {B6433E45-E45F-41B9-95D7-C53C7A0B7C9F}
		{3059E0B3-95FC-4480-AEB1-FB6A3DCEA435} = {B6433E45-E45F-41B9-95D7-C53C7A0B7C9F}
		{FC0A4165-E69E-4D9A-9C3F-D8062010D697} = {3059E0B3-95FC-4480-AEB1-FB6A3DCEA435}
		{F24742E1-1A2E-4047-82F3-B6F37A04E231} = {3059E0B3-95FC-4480-AEB1-FB6A3DCEA435}
		{821F0698-ABD9-4927-8943-E32E6A961386} = {7E259710-1B6F-4394-AB5E-671E3E194F68}
		{D1F9A3EE-7DC0-424F-AA4B-E3A9AD4F09D1} = {7E259710-1B6F-4394-AB5E-671E3E194F68}
		{8CB6227A-B415-455F-B45D-C672344241C6} = {7E259710-1B6F-4394-AB5E-671E3E194F68}
		{C75B42AF-5E69-4772-BF2F-775C0369E0AE} = {9BF74EED-3606-449F-9538-993C2D2A957B}
		{4C59BE5D-E259-4786-AC0A-359D5BC4BFE8} = {C75B42AF-5E69-4772-BF2F-775C0369E0AE}
		{68C3315A-6441-4E2D-98C7-CED7547D7088} = {C75B42AF-5E69-4772-BF2F-775C0369E0AE}
		{B0958053-F437-4261-B219-91DAD625DA3C} = {4C59BE5D-E259-4786-AC0A-359D5BC4BFE8}
		{3FAB5C65-4EB7-4E42-937F-CCAB26BCACED} = {9BF74EED-3606-449F-9538-993C2D2A957B}
		{F932D0AD-1C59-4AA9-96B4-92107D9F1CEE} = {3FAB5C65-4EB7-4E42-937F-CCAB26BCACED}
		{C6B72C48-F545-4296-8AF3-6BCA258C70CF} = {9BF74EED-3606-449F-9538-993C2D2A957B}
		{8D31A8D5-C5C5-4EAE-81DD-964CEF16C449} = {C6B72C48-F545-4296-8AF3-6BCA258C70CF}
		{3A287703-E05D-40E2-8EAF-8558E76F8E16} = {C75B42AF-5E69-4772-BF2F-775C0369E0AE}
		{DEB80647-03C4-4D18-BE45-A60A24189975} = {3A287703-E05D-40E2-8EAF-8558E76F8E16}
	EndGlobalSection
	GlobalSection(ExtensibilityGlobals) = postSolution
		SolutionGuid = {DF7F0CA8-CDB6-4790-B341-E366A859F8F5}
	EndGlobalSection
EndGlobal
